// !$*UTF8*$!
{
	archiveVersion = 1;
	classes = {
	};
	objectVersion = 55;
	objects = {

/* Begin PBXBuildFile section */
		6A1784152865760900ED68DF /* WeatherWidget.swift in Sources */ = {isa = PBXBuildFile; fileRef = 6A1784142865760900ED68DF /* WeatherWidget.swift */; };
		6A1F18E52855BE9100F201F8 /* WeatherApp.swift in Sources */ = {isa = PBXBuildFile; fileRef = 6A1F18E42855BE9100F201F8 /* WeatherApp.swift */; };
		6A1F18E72855BE9100F201F8 /* ContentView.swift in Sources */ = {isa = PBXBuildFile; fileRef = 6A1F18E62855BE9100F201F8 /* ContentView.swift */; };
		6A1F18E92855BE9200F201F8 /* Assets.xcassets in Resources */ = {isa = PBXBuildFile; fileRef = 6A1F18E82855BE9200F201F8 /* Assets.xcassets */; };
		6A1F18EC2855BE9200F201F8 /* Preview Assets.xcassets in Resources */ = {isa = PBXBuildFile; fileRef = 6A1F18EB2855BE9200F201F8 /* Preview Assets.xcassets */; };
		6A1F18FC2855D1E000F201F8 /* Extensions.swift in Sources */ = {isa = PBXBuildFile; fileRef = 6A1F18FB2855D1E000F201F8 /* Extensions.swift */; };
		6A1F18FE2855D82200F201F8 /* HomeView.swift in Sources */ = {isa = PBXBuildFile; fileRef = 6A1F18FD2855D82200F201F8 /* HomeView.swift */; };
		6A38C58D286548B5005D51A7 /* WeatherView.swift in Sources */ = {isa = PBXBuildFile; fileRef = 6A38C58C286548B5005D51A7 /* WeatherView.swift */; };
		6A4566B7285C3F7200AA5EDE /* BottomSheet in Frameworks */ = {isa = PBXBuildFile; productRef = 6A4566B6285C3F7200AA5EDE /* BottomSheet */; };
		6A4566BD285C561800AA5EDE /* ForecastView.swift in Sources */ = {isa = PBXBuildFile; fileRef = 6A4566BC285C561800AA5EDE /* ForecastView.swift */; };
		6A4CD53E285F122900B77AAB /* SegmentedControl.swift in Sources */ = {isa = PBXBuildFile; fileRef = 6A4CD53D285F122900B77AAB /* SegmentedControl.swift */; };
		6A4DB0B7285D3D1E00CD3D26 /* Blur.swift in Sources */ = {isa = PBXBuildFile; fileRef = 6A4DB0B6285D3D1E00CD3D26 /* Blur.swift */; };
		6A529A38286010D100445860 /* ForecastModel.swift in Sources */ = {isa = PBXBuildFile; fileRef = 6A529A37286010D100445860 /* ForecastModel.swift */; };
		6A5FA96028645021007F985F /* NavigationBar.swift in Sources */ = {isa = PBXBuildFile; fileRef = 6A5FA95F28645021007F985F /* NavigationBar.swift */; };
		6AAA82DB2856F6FB0067B10E /* TabBar.swift in Sources */ = {isa = PBXBuildFile; fileRef = 6AAA82DA2856F6FB0067B10E /* TabBar.swift */; };
		6AAA82DD28571C940067B10E /* Shapes.swift in Sources */ = {isa = PBXBuildFile; fileRef = 6AAA82DC28571C940067B10E /* Shapes.swift */; };
		6AB6BC8728603D05007FD850 /* ForecastCard.swift in Sources */ = {isa = PBXBuildFile; fileRef = 6AB6BC8628603D05007FD850 /* ForecastCard.swift */; };
/* End PBXBuildFile section */

/* Begin PBXFileReference section */
		6A1784142865760900ED68DF /* WeatherWidget.swift */ = {isa = PBXFileReference; lastKnownFileType = sourcecode.swift; path = WeatherWidget.swift; sourceTree = "<group>"; };
		6A1F18E12855BE9100F201F8 /* Weather.app */ = {isa = PBXFileReference; explicitFileType = wrapper.application; includeInIndex = 0; path = Weather.app; sourceTree = BUILT_PRODUCTS_DIR; };
		6A1F18E42855BE9100F201F8 /* WeatherApp.swift */ = {isa = PBXFileReference; lastKnownFileType = sourcecode.swift; path = WeatherApp.swift; sourceTree = "<group>"; };
		6A1F18E62855BE9100F201F8 /* ContentView.swift */ = {isa = PBXFileReference; lastKnownFileType = sourcecode.swift; path = ContentView.swift; sourceTree = "<group>"; };
		6A1F18E82855BE9200F201F8 /* Assets.xcassets */ = {isa = PBXFileReference; lastKnownFileType = folder.assetcatalog; path = Assets.xcassets; sourceTree = "<group>"; };
		6A1F18EB2855BE9200F201F8 /* Preview Assets.xcassets */ = {isa = PBXFileReference; lastKnownFileType = folder.assetcatalog; path = "Preview Assets.xcassets"; sourceTree = "<group>"; };
		6A1F18FB2855D1E000F201F8 /* Extensions.swift */ = {isa = PBXFileReference; lastKnownFileType = sourcecode.swift; path = Extensions.swift; sourceTree = "<group>"; };
		6A1F18FD2855D82200F201F8 /* HomeView.swift */ = {isa = PBXFileReference; lastKnownFileType = sourcecode.swift; path = HomeView.swift; sourceTree = "<group>"; };
		6A38C58C286548B5005D51A7 /* WeatherView.swift */ = {isa = PBXFileReference; lastKnownFileType = sourcecode.swift; path = WeatherView.swift; sourceTree = "<group>"; };
		6A4566BC285C561800AA5EDE /* ForecastView.swift */ = {isa = PBXFileReference; lastKnownFileType = sourcecode.swift; path = ForecastView.swift; sourceTree = "<group>"; };
		6A4CD53D285F122900B77AAB /* SegmentedControl.swift */ = {isa = PBXFileReference; lastKnownFileType = sourcecode.swift; path = SegmentedControl.swift; sourceTree = "<group>"; };
		6A4DB0B6285D3D1E00CD3D26 /* Blur.swift */ = {isa = PBXFileReference; lastKnownFileType = sourcecode.swift; path = Blur.swift; sourceTree = "<group>"; };
		6A529A37286010D100445860 /* ForecastModel.swift */ = {isa = PBXFileReference; lastKnownFileType = sourcecode.swift; path = ForecastModel.swift; sourceTree = "<group>"; };
		6A5FA95F28645021007F985F /* NavigationBar.swift */ = {isa = PBXFileReference; lastKnownFileType = sourcecode.swift; path = NavigationBar.swift; sourceTree = "<group>"; };
		6AAA82DA2856F6FB0067B10E /* TabBar.swift */ = {isa = PBXFileReference; lastKnownFileType = sourcecode.swift; path = TabBar.swift; sourceTree = "<group>"; };
		6AAA82DC28571C940067B10E /* Shapes.swift */ = {isa = PBXFileReference; lastKnownFileType = sourcecode.swift; path = Shapes.swift; sourceTree = "<group>"; };
		6AB6BC8628603D05007FD850 /* ForecastCard.swift */ = {isa = PBXFileReference; lastKnownFileType = sourcecode.swift; path = ForecastCard.swift; sourceTree = "<group>"; };
/* End PBXFileReference section */

/* Begin PBXFrameworksBuildPhase section */
		6A1F18DE2855BE9100F201F8 /* Frameworks */ = {
			isa = PBXFrameworksBuildPhase;
			buildActionMask = 2147483647;
			files = (
				6A4566B7285C3F7200AA5EDE /* BottomSheet in Frameworks */,
			);
			runOnlyForDeploymentPostprocessing = 0;
		};
/* End PBXFrameworksBuildPhase section */

/* Begin PBXGroup section */
		6A1F18D82855BE9100F201F8 = {
			isa = PBXGroup;
			children = (
				6A1F18E32855BE9100F201F8 /* Weather */,
				6A1F18E22855BE9100F201F8 /* Products */,
			);
			sourceTree = "<group>";
		};
		6A1F18E22855BE9100F201F8 /* Products */ = {
			isa = PBXGroup;
			children = (
				6A1F18E12855BE9100F201F8 /* Weather.app */,
			);
			name = Products;
			sourceTree = "<group>";
		};
		6A1F18E32855BE9100F201F8 /* Weather */ = {
			isa = PBXGroup;
			children = (
				6A1F18E42855BE9100F201F8 /* WeatherApp.swift */,
				6A1F18F32855CB8500F201F8 /* Views */,
				6A1F18F42855CB8E00F201F8 /* Models */,
				6A1F18F52855CB9300F201F8 /* Utils */,
				6A1F18E82855BE9200F201F8 /* Assets.xcassets */,
				6A1F18EA2855BE9200F201F8 /* Preview Content */,
			);
			path = Weather;
			sourceTree = "<group>";
		};
		6A1F18EA2855BE9200F201F8 /* Preview Content */ = {
			isa = PBXGroup;
			children = (
				6A1F18EB2855BE9200F201F8 /* Preview Assets.xcassets */,
			);
			path = "Preview Content";
			sourceTree = "<group>";
		};
		6A1F18F32855CB8500F201F8 /* Views */ = {
			isa = PBXGroup;
			children = (
				6A1F18F62855CBA400F201F8 /* Main */,
				6A1F18F82855CBB300F201F8 /* Navigation */,
				6A1F18F92855CBBA00F201F8 /* Detail */,
				6A1F18FA2855CBBF00F201F8 /* Components */,
			);
			path = Views;
			sourceTree = "<group>";
		};
		6A1F18F42855CB8E00F201F8 /* Models */ = {
			isa = PBXGroup;
			children = (
				6A529A37286010D100445860 /* ForecastModel.swift */,
			);
			path = Models;
			sourceTree = "<group>";
		};
		6A1F18F52855CB9300F201F8 /* Utils */ = {
			isa = PBXGroup;
			children = (
				6A1F18FB2855D1E000F201F8 /* Extensions.swift */,
				6AAA82DC28571C940067B10E /* Shapes.swift */,
			);
			path = Utils;
			sourceTree = "<group>";
		};
		6A1F18F62855CBA400F201F8 /* Main */ = {
			isa = PBXGroup;
			children = (
				6A1F18E62855BE9100F201F8 /* ContentView.swift */,
				6A1F18FD2855D82200F201F8 /* HomeView.swift */,
			);
			path = Main;
			sourceTree = "<group>";
		};
		6A1F18F82855CBB300F201F8 /* Navigation */ = {
			isa = PBXGroup;
			children = (
				6AAA82DA2856F6FB0067B10E /* TabBar.swift */,
				6A5FA95F28645021007F985F /* NavigationBar.swift */,
			);
			path = Navigation;
			sourceTree = "<group>";
		};
		6A1F18F92855CBBA00F201F8 /* Detail */ = {
			isa = PBXGroup;
			children = (
				6A4566BC285C561800AA5EDE /* ForecastView.swift */,
				6A38C58C286548B5005D51A7 /* WeatherView.swift */,
			);
			path = Detail;
			sourceTree = "<group>";
		};
		6A1F18FA2855CBBF00F201F8 /* Components */ = {
			isa = PBXGroup;
			children = (
				6A4DB0B6285D3D1E00CD3D26 /* Blur.swift */,
				6A4CD53D285F122900B77AAB /* SegmentedControl.swift */,
				6AB6BC8628603D05007FD850 /* ForecastCard.swift */,
				6A1784142865760900ED68DF /* WeatherWidget.swift */,
			);
			path = Components;
			sourceTree = "<group>";
		};
/* End PBXGroup section */

/* Begin PBXNativeTarget section */
		6A1F18E02855BE9100F201F8 /* Weather */ = {
			isa = PBXNativeTarget;
			buildConfigurationList = 6A1F18EF2855BE9200F201F8 /* Build configuration list for PBXNativeTarget "Weather" */;
			buildPhases = (
				6A1F18DD2855BE9100F201F8 /* Sources */,
				6A1F18DE2855BE9100F201F8 /* Frameworks */,
				6A1F18DF2855BE9100F201F8 /* Resources */,
			);
			buildRules = (
			);
			dependencies = (
			);
			name = Weather;
			packageProductDependencies = (
				6A4566B6285C3F7200AA5EDE /* BottomSheet */,
			);
			productName = Weather;
			productReference = 6A1F18E12855BE9100F201F8 /* Weather.app */;
			productType = "com.apple.product-type.application";
		};
/* End PBXNativeTarget section */

/* Begin PBXProject section */
		6A1F18D92855BE9100F201F8 /* Project object */ = {
			isa = PBXProject;
			attributes = {
				BuildIndependentTargetsInParallel = 1;
				LastSwiftUpdateCheck = 1340;
				LastUpgradeCheck = 1340;
				TargetAttributes = {
					6A1F18E02855BE9100F201F8 = {
						CreatedOnToolsVersion = 13.4.1;
					};
				};
			};
			buildConfigurationList = 6A1F18DC2855BE9100F201F8 /* Build configuration list for PBXProject "Weather" */;
			compatibilityVersion = "Xcode 13.0";
			developmentRegion = en;
			hasScannedForEncodings = 0;
			knownRegions = (
				en,
				Base,
			);
			mainGroup = 6A1F18D82855BE9100F201F8;
			packageReferences = (
				6A4566B5285C3F7200AA5EDE /* XCRemoteSwiftPackageReference "BottomSheet" */,
			);
			productRefGroup = 6A1F18E22855BE9100F201F8 /* Products */;
			projectDirPath = "";
			projectRoot = "";
			targets = (
				6A1F18E02855BE9100F201F8 /* Weather */,
			);
		};
/* End PBXProject section */

/* Begin PBXResourcesBuildPhase section */
		6A1F18DF2855BE9100F201F8 /* Resources */ = {
			isa = PBXResourcesBuildPhase;
			buildActionMask = 2147483647;
			files = (
				6A1F18EC2855BE9200F201F8 /* Preview Assets.xcassets in Resources */,
				6A1F18E92855BE9200F201F8 /* Assets.xcassets in Resources */,
			);
			runOnlyForDeploymentPostprocessing = 0;
		};
/* End PBXResourcesBuildPhase section */

/* Begin PBXSourcesBuildPhase section */
		6A1F18DD2855BE9100F201F8 /* Sources */ = {
			isa = PBXSourcesBuildPhase;
			buildActionMask = 2147483647;
			files = (
				6A1784152865760900ED68DF /* WeatherWidget.swift in Sources */,
				6AB6BC8728603D05007FD850 /* ForecastCard.swift in Sources */,
				6A1F18E72855BE9100F201F8 /* ContentView.swift in Sources */,
				6A4CD53E285F122900B77AAB /* SegmentedControl.swift in Sources */,
				6A1F18FE2855D82200F201F8 /* HomeView.swift in Sources */,
				6A4DB0B7285D3D1E00CD3D26 /* Blur.swift in Sources */,
				6A38C58D286548B5005D51A7 /* WeatherView.swift in Sources */,
				6A1F18FC2855D1E000F201F8 /* Extensions.swift in Sources */,
				6A1F18E52855BE9100F201F8 /* WeatherApp.swift in Sources */,
				6A4566BD285C561800AA5EDE /* ForecastView.swift in Sources */,
				6AAA82DB2856F6FB0067B10E /* TabBar.swift in Sources */,
				6A529A38286010D100445860 /* ForecastModel.swift in Sources */,
				6AAA82DD28571C940067B10E /* Shapes.swift in Sources */,
				6A5FA96028645021007F985F /* NavigationBar.swift in Sources */,
			);
			runOnlyForDeploymentPostprocessing = 0;
		};
/* End PBXSourcesBuildPhase section */

/* Begin XCBuildConfiguration section */
		6A1F18ED2855BE9200F201F8 /* Debug */ = {
			isa = XCBuildConfiguration;
			buildSettings = {
				ALWAYS_SEARCH_USER_PATHS = NO;
				CLANG_ANALYZER_NONNULL = YES;
				CLANG_ANALYZER_NUMBER_OBJECT_CONVERSION = YES_AGGRESSIVE;
				CLANG_CXX_LANGUAGE_STANDARD = "gnu++17";
				CLANG_ENABLE_MODULES = YES;
				CLANG_ENABLE_OBJC_ARC = YES;
				CLANG_ENABLE_OBJC_WEAK = YES;
				CLANG_WARN_BLOCK_CAPTURE_AUTORELEASING = YES;
				CLANG_WARN_BOOL_CONVERSION = YES;
				CLANG_WARN_COMMA = YES;
				CLANG_WARN_CONSTANT_CONVERSION = YES;
				CLANG_WARN_DEPRECATED_OBJC_IMPLEMENTATIONS = YES;
				CLANG_WARN_DIRECT_OBJC_ISA_USAGE = YES_ERROR;
				CLANG_WARN_DOCUMENTATION_COMMENTS = YES;
				CLANG_WARN_EMPTY_BODY = YES;
				CLANG_WARN_ENUM_CONVERSION = YES;
				CLANG_WARN_INFINITE_RECURSION = YES;
				CLANG_WARN_INT_CONVERSION = YES;
				CLANG_WARN_NON_LITERAL_NULL_CONVERSION = YES;
				CLANG_WARN_OBJC_IMPLICIT_RETAIN_SELF = YES;
				CLANG_WARN_OBJC_LITERAL_CONVERSION = YES;
				CLANG_WARN_OBJC_ROOT_CLASS = YES_ERROR;
				CLANG_WARN_QUOTED_INCLUDE_IN_FRAMEWORK_HEADER = YES;
				CLANG_WARN_RANGE_LOOP_ANALYSIS = YES;
				CLANG_WARN_STRICT_PROTOTYPES = YES;
				CLANG_WARN_SUSPICIOUS_MOVE = YES;
				CLANG_WARN_UNGUARDED_AVAILABILITY = YES_AGGRESSIVE;
				CLANG_WARN_UNREACHABLE_CODE = YES;
				CLANG_WARN__DUPLICATE_METHOD_MATCH = YES;
				COPY_PHASE_STRIP = NO;
				DEBUG_INFORMATION_FORMAT = dwarf;
				ENABLE_STRICT_OBJC_MSGSEND = YES;
				ENABLE_TESTABILITY = YES;
				GCC_C_LANGUAGE_STANDARD = gnu11;
				GCC_DYNAMIC_NO_PIC = NO;
				GCC_NO_COMMON_BLOCKS = YES;
				GCC_OPTIMIZATION_LEVEL = 0;
				GCC_PREPROCESSOR_DEFINITIONS = (
					"DEBUG=1",
					"$(inherited)",
				);
				GCC_WARN_64_TO_32_BIT_CONVERSION = YES;
				GCC_WARN_ABOUT_RETURN_TYPE = YES_ERROR;
				GCC_WARN_UNDECLARED_SELECTOR = YES;
				GCC_WARN_UNINITIALIZED_AUTOS = YES_AGGRESSIVE;
				GCC_WARN_UNUSED_FUNCTION = YES;
				GCC_WARN_UNUSED_VARIABLE = YES;
				IPHONEOS_DEPLOYMENT_TARGET = 15.5;
				MTL_ENABLE_DEBUG_INFO = INCLUDE_SOURCE;
				MTL_FAST_MATH = YES;
				ONLY_ACTIVE_ARCH = YES;
				SDKROOT = iphoneos;
				SWIFT_ACTIVE_COMPILATION_CONDITIONS = DEBUG;
				SWIFT_OPTIMIZATION_LEVEL = "-Onone";
			};
			name = Debug;
		};
		6A1F18EE2855BE9200F201F8 /* Release */ = {
			isa = XCBuildConfiguration;
			buildSettings = {
				ALWAYS_SEARCH_USER_PATHS = NO;
				CLANG_ANALYZER_NONNULL = YES;
				CLANG_ANALYZER_NUMBER_OBJECT_CONVERSION = YES_AGGRESSIVE;
				CLANG_CXX_LANGUAGE_STANDARD = "gnu++17";
				CLANG_ENABLE_MODULES = YES;
				CLANG_ENABLE_OBJC_ARC = YES;
				CLANG_ENABLE_OBJC_WEAK = YES;
				CLANG_WARN_BLOCK_CAPTURE_AUTORELEASING = YES;
				CLANG_WARN_BOOL_CONVERSION = YES;
				CLANG_WARN_COMMA = YES;
				CLANG_WARN_CONSTANT_CONVERSION = YES;
				CLANG_WARN_DEPRECATED_OBJC_IMPLEMENTATIONS = YES;
				CLANG_WARN_DIRECT_OBJC_ISA_USAGE = YES_ERROR;
				CLANG_WARN_DOCUMENTATION_COMMENTS = YES;
				CLANG_WARN_EMPTY_BODY = YES;
				CLANG_WARN_ENUM_CONVERSION = YES;
				CLANG_WARN_INFINITE_RECURSION = YES;
				CLANG_WARN_INT_CONVERSION = YES;
				CLANG_WARN_NON_LITERAL_NULL_CONVERSION = YES;
				CLANG_WARN_OBJC_IMPLICIT_RETAIN_SELF = YES;
				CLANG_WARN_OBJC_LITERAL_CONVERSION = YES;
				CLANG_WARN_OBJC_ROOT_CLASS = YES_ERROR;
				CLANG_WARN_QUOTED_INCLUDE_IN_FRAMEWORK_HEADER = YES;
				CLANG_WARN_RANGE_LOOP_ANALYSIS = YES;
				CLANG_WARN_STRICT_PROTOTYPES = YES;
				CLANG_WARN_SUSPICIOUS_MOVE = YES;
				CLANG_WARN_UNGUARDED_AVAILABILITY = YES_AGGRESSIVE;
				CLANG_WARN_UNREACHABLE_CODE = YES;
				CLANG_WARN__DUPLICATE_METHOD_MATCH = YES;
				COPY_PHASE_STRIP = NO;
				DEBUG_INFORMATION_FORMAT = "dwarf-with-dsym";
				ENABLE_NS_ASSERTIONS = NO;
				ENABLE_STRICT_OBJC_MSGSEND = YES;
				GCC_C_LANGUAGE_STANDARD = gnu11;
				GCC_NO_COMMON_BLOCKS = YES;
				GCC_WARN_64_TO_32_BIT_CONVERSION = YES;
				GCC_WARN_ABOUT_RETURN_TYPE = YES_ERROR;
				GCC_WARN_UNDECLARED_SELECTOR = YES;
				GCC_WARN_UNINITIALIZED_AUTOS = YES_AGGRESSIVE;
				GCC_WARN_UNUSED_FUNCTION = YES;
				GCC_WARN_UNUSED_VARIABLE = YES;
				IPHONEOS_DEPLOYMENT_TARGET = 15.5;
				MTL_ENABLE_DEBUG_INFO = NO;
				MTL_FAST_MATH = YES;
				SDKROOT = iphoneos;
				SWIFT_COMPILATION_MODE = wholemodule;
				SWIFT_OPTIMIZATION_LEVEL = "-O";
				VALIDATE_PRODUCT = YES;
			};
			name = Release;
		};
		6A1F18F02855BE9200F201F8 /* Debug */ = {
			isa = XCBuildConfiguration;
			buildSettings = {
				ASSETCATALOG_COMPILER_APPICON_NAME = AppIcon;
				ASSETCATALOG_COMPILER_GLOBAL_ACCENT_COLOR_NAME = AccentColor;
				CODE_SIGN_STYLE = Automatic;
				CURRENT_PROJECT_VERSION = 1;
				DEVELOPMENT_ASSET_PATHS = "\"Weather/Preview Content\"";
				DEVELOPMENT_TEAM = 33FXB2A6UY;
				ENABLE_PREVIEWS = YES;
				GENERATE_INFOPLIST_FILE = YES;
				INFOPLIST_KEY_UIApplicationSceneManifest_Generation = YES;
				INFOPLIST_KEY_UIApplicationSupportsIndirectInputEvents = YES;
				INFOPLIST_KEY_UILaunchScreen_Generation = YES;
				INFOPLIST_KEY_UISupportedInterfaceOrientations_iPad = "UIInterfaceOrientationPortrait UIInterfaceOrientationPortraitUpsideDown UIInterfaceOrientationLandscapeLeft UIInterfaceOrientationLandscapeRight";
				INFOPLIST_KEY_UISupportedInterfaceOrientations_iPhone = "UIInterfaceOrientationPortrait UIInterfaceOrientationLandscapeLeft UIInterfaceOrientationLandscapeRight";
				LD_RUNPATH_SEARCH_PATHS = (
					"$(inherited)",
					"@executable_path/Frameworks",
				);
				MARKETING_VERSION = 1.0;
				PRODUCT_BUNDLE_IDENTIFIER = io.designcode.Weather;
				PRODUCT_NAME = "$(TARGET_NAME)";
				SWIFT_EMIT_LOC_STRINGS = YES;
				SWIFT_VERSION = 5.0;
				TARGETED_DEVICE_FAMILY = "1,2";
			};
			name = Debug;
		};
		6A1F18F12855BE9200F201F8 /* Release */ = {
			isa = XCBuildConfiguration;
			buildSettings = {
				ASSETCATALOG_COMPILER_APPICON_NAME = AppIcon;
				ASSETCATALOG_COMPILER_GLOBAL_ACCENT_COLOR_NAME = AccentColor;
				CODE_SIGN_STYLE = Automatic;
				CURRENT_PROJECT_VERSION = 1;
				DEVELOPMENT_ASSET_PATHS = "\"Weather/Preview Content\"";
				DEVELOPMENT_TEAM = 33FXB2A6UY;
				ENABLE_PREVIEWS = YES;
				GENERATE_INFOPLIST_FILE = YES;
				INFOPLIST_KEY_UIApplicationSceneManifest_Generation = YES;
				INFOPLIST_KEY_UIApplicationSupportsIndirectInputEvents = YES;
				INFOPLIST_KEY_UILaunchScreen_Generation = YES;
				INFOPLIST_KEY_UISupportedInterfaceOrientations_iPad = "UIInterfaceOrientationPortrait UIInterfaceOrientationPortraitUpsideDown UIInterfaceOrientationLandscapeLeft UIInterfaceOrientationLandscapeRight";
				INFOPLIST_KEY_UISupportedInterfaceOrientations_iPhone = "UIInterfaceOrientationPortrait UIInterfaceOrientationLandscapeLeft UIInterfaceOrientationLandscapeRight";
				LD_RUNPATH_SEARCH_PATHS = (
					"$(inherited)",
					"@executable_path/Frameworks",
				);
				MARKETING_VERSION = 1.0;
				PRODUCT_BUNDLE_IDENTIFIER = io.designcode.Weather;
				PRODUCT_NAME = "$(TARGET_NAME)";
				SWIFT_EMIT_LOC_STRINGS = YES;
				SWIFT_VERSION = 5.0;
				TARGETED_DEVICE_FAMILY = "1,2";
			};
			name = Release;
		};
/* End XCBuildConfiguration section */

/* Begin XCConfigurationList section */
		6A1F18DC2855BE9100F201F8 /* Build configuration list for PBXProject "Weather" */ = {
			isa = XCConfigurationList;
			buildConfigurations = (
				6A1F18ED2855BE9200F201F8 /* Debug */,
				6A1F18EE2855BE9200F201F8 /* Release */,
			);
			defaultConfigurationIsVisible = 0;
			defaultConfigurationName = Release;
		};
		6A1F18EF2855BE9200F201F8 /* Build configuration list for PBXNativeTarget "Weather" */ = {
			isa = XCConfigurationList;
			buildConfigurations = (
				6A1F18F02855BE9200F201F8 /* Debug */,
				6A1F18F12855BE9200F201F8 /* Release */,
			);
			defaultConfigurationIsVisible = 0;
			defaultConfigurationName = Release;
		};
/* End XCConfigurationList section */

/* Begin XCRemoteSwiftPackageReference section */
		6A4566B5285C3F7200AA5EDE /* XCRemoteSwiftPackageReference "BottomSheet" */ = {
			isa = XCRemoteSwiftPackageReference;
			repositoryURL = "https://github.com/Wouter125/BottomSheet";
			requirement = {
				branch = main;
				kind = branch;
			};
		};
/* End XCRemoteSwiftPackageReference section */

/* Begin XCSwiftPackageProductDependency section */
		6A4566B6285C3F7200AA5EDE /* BottomSheet */ = {
			isa = XCSwiftPackageProductDependency;
			package = 6A4566B5285C3F7200AA5EDE /* XCRemoteSwiftPackageReference "BottomSheet" */;
			productName = BottomSheet;
		};
/* End XCSwiftPackageProductDependency section */
	};
	rootObject = 6A1F18D92855BE9100F201F8 /* Project object */;
}
